
Microsoft Visual Studio Solution File, Format Version 11.00
# Visual Studio 2010
Project("{8BC9CEB8-8B4A-11D0-8D11-00A0C91BC942}") = "stcm2dump", "stcm2dump\stcm2dump.vcxproj", "{FB1C71E2-9A59-4E51-BBF9-2ABE9AB5551A}"
EndProject
Project("{FAE04EC0-301F-11D3-BF4B-00C04F79EFBC}") = "stcm2insert", "stcm2insert\stcm2insert.csproj", "{52F5D368-8D9D-4318-BE77-D564F7F155B6}"
EndProject
Global
	GlobalSection(SolutionConfigurationPlatforms) = preSolution
		Debug|Mixed Platforms = Debug|Mixed Platforms
		Debug|Win32 = Debug|Win32
		Debug|x86 = Debug|x86
		Release|Mixed Platforms = Release|Mixed Platforms
		Release|Win32 = Release|Win32
		Release|x86 = Release|x86
	EndGlobalSection
	GlobalSection(ProjectConfigurationPlatforms) = postSolution
		{FB1C71E2-9A59-4E51-BBF9-2ABE9AB5551A}.Debug|Mixed Platforms.ActiveCfg = Debug|Win32
		{FB1C71E2-9A59-4E51-BBF9-2ABE9AB5551A}.Debug|Mixed Platforms.Build.0 = Debug|Win32
		{FB1C71E2-9A59-4E51-BBF9-2ABE9AB5551A}.Debug|Win32.ActiveCfg = Debug|Win32
		{FB1C71E2-9A59-4E51-BBF9-2ABE9AB5551A}.Debug|Win32.Build.0 = Debug|Win32
		{FB1C71E2-9A59-4E51-BBF9-2ABE9AB5551A}.Debug|x86.ActiveCfg = Debug|Win32
		{FB1C71E2-9A59-4E51-BBF9-2ABE9AB5551A}.Release|Mixed Platforms.ActiveCfg = Release|Win32
		{FB1C71E2-9A59-4E51-BBF9-2ABE9AB5551A}.Release|Mixed Platforms.Build.0 = Release|Win32
		{FB1C71E2-9A59-4E51-BBF9-2ABE9AB5551A}.Release|Win32.ActiveCfg = Release|Win32
		{FB1C71E2-9A59-4E51-BBF9-2ABE9AB5551A}.Release|Win32.Build.0 = Release|Win32
		{FB1C71E2-9A59-4E51-BBF9-2ABE9AB5551A}.Release|x86.ActiveCfg = Release|Win32
		{52F5D368-8D9D-4318-BE77-D564F7F155B6}.Debug|Mixed Platforms.ActiveCfg = Debug|x86
		{52F5D368-8D9D-4318-BE77-D564F7F155B6}.Debug|Mixed Platforms.Build.0 = Debug|x86
		{52F5D368-8D9D-4318-BE77-D564F7F155B6}.Debug|Win32.ActiveCfg = Debug|x86
		{52F5D368-8D9D-4318-BE77-D564F7F155B6}.Debug|x86.ActiveCfg = Debug|x86
		{52F5D368-8D9D-4318-BE77-D564F7F155B6}.Debug|x86.Build.0 = Debug|x86
		{52F5D368-8D9D-4318-BE77-D564F7F155B6}.Release|Mixed Platforms.ActiveCfg = Release|x86
		{52F5D368-8D9D-4318-BE77-D564F7F155B6}.Release|Mixed Platforms.Build.0 = Release|x86
		{52F5D368-8D9D-4318-BE77-D564F7F155B6}.Release|Win32.ActiveCfg = Release|x86
		{52F5D368-8D9D-4318-BE77-D564F7F155B6}.Release|x86.ActiveCfg = Release|x86
		{52F5D368-8D9D-4318-BE77-D564F7F155B6}.Release|x86.Build.0 = Release|x86
	EndGlobalSection
	GlobalSection(SolutionProperties) = preSolution
		HideSolutionNode = FALSE
	EndGlobalSection
EndGlobal
